
Microsoft Visual Studio Solution File, Format Version 12.00
# Visual Studio Version 16
VisualStudioVersion = 16.0.30907.101
MinimumVisualStudioVersion = 10.0.40219.1
Project("{FAE04EC0-301F-11D3-BF4B-00C04F79EFBC}") = "SalesMonitoring.ConsoleClient", "SalesMonitoring.ConsoleClient\SalesMonitoring.ConsoleClient.csproj", "{0D6B6AF4-4094-4C24-981E-76281253798D}"
EndProject
Project("{FAE04EC0-301F-11D3-BF4B-00C04F79EFBC}") = "SalesMonitoring.DML", "SalesMonitoring.DomainModel\SalesMonitoring.DML.csproj", "{CE641B48-7E3D-4912-BA99-10588AEBB99C}"
EndProject
Project("{FAE04EC0-301F-11D3-BF4B-00C04F79EFBC}") = "SalesMonitoring.BL", "SalesMonitoring.BL\SalesMonitoring.BL.csproj", "{22036567-4F70-4B0E-B8DC-20E98C003358}"
EndProject
Project("{FAE04EC0-301F-11D3-BF4B-00C04F79EFBC}") = "SalesMonitoring.DAL", "SalesMonitoring.DAL\SalesMonitoring.DAL.csproj", "{E47E5244-489F-4E4C-9C6A-23B4D1A3476C}"
EndProject
Project("{FAE04EC0-301F-11D3-BF4B-00C04F79EFBC}") = "SalesMonitoring.ServiceClient", "SalesMonitoring.ServiceClient\SalesMonitoring.ServiceClient.csproj", "{7C09F6D5-BACB-42D6-B63C-9E31C9008124}"
EndProject
Global
	GlobalSection(SolutionConfigurationPlatforms) = preSolution
		Debug|Any CPU = Debug|Any CPU
		Release|Any CPU = Release|Any CPU
	EndGlobalSection
	GlobalSection(ProjectConfigurationPlatforms) = postSolution
		{0D6B6AF4-4094-4C24-981E-76281253798D}.Debug|Any CPU.ActiveCfg = Debug|Any CPU
		{0D6B6AF4-4094-4C24-981E-76281253798D}.Debug|Any CPU.Build.0 = Debug|Any CPU
		{0D6B6AF4-4094-4C24-981E-76281253798D}.Release|Any CPU.ActiveCfg = Release|Any CPU
		{0D6B6AF4-4094-4C24-981E-76281253798D}.Release|Any CPU.Build.0 = Release|Any CPU
		{CE641B48-7E3D-4912-BA99-10588AEBB99C}.Debug|Any CPU.ActiveCfg = Debug|Any CPU
		{CE641B48-7E3D-4912-BA99-10588AEBB99C}.Debug|Any CPU.Build.0 = Debug|Any CPU
		{CE641B48-7E3D-4912-BA99-10588AEBB99C}.Release|Any CPU.ActiveCfg = Release|Any CPU
		{CE641B48-7E3D-4912-BA99-10588AEBB99C}.Release|Any CPU.Build.0 = Release|Any CPU
		{22036567-4F70-4B0E-B8DC-20E98C003358}.Debug|Any CPU.ActiveCfg = Debug|Any CPU
		{22036567-4F70-4B0E-B8DC-20E98C003358}.Debug|Any CPU.Build.0 = Debug|Any CPU
		{22036567-4F70-4B0E-B8DC-20E98C003358}.Release|Any CPU.ActiveCfg = Release|Any CPU
		{22036567-4F70-4B0E-B8DC-20E98C003358}.Release|Any CPU.Build.0 = Release|Any CPU
		{E47E5244-489F-4E4C-9C6A-23B4D1A3476C}.Debug|Any CPU.ActiveCfg = Debug|Any CPU
		{E47E5244-489F-4E4C-9C6A-23B4D1A3476C}.Debug|Any CPU.Build.0 = Debug|Any CPU
		{E47E5244-489F-4E4C-9C6A-23B4D1A3476C}.Release|Any CPU.ActiveCfg = Release|Any CPU
		{E47E5244-489F-4E4C-9C6A-23B4D1A3476C}.Release|Any CPU.Build.0 = Release|Any CPU
		{7C09F6D5-BACB-42D6-B63C-9E31C9008124}.Debug|Any CPU.ActiveCfg = Debug|Any CPU
		{7C09F6D5-BACB-42D6-B63C-9E31C9008124}.Debug|Any CPU.Build.0 = Debug|Any CPU
		{7C09F6D5-BACB-42D6-B63C-9E31C9008124}.Release|Any CPU.ActiveCfg = Release|Any CPU
		{7C09F6D5-BACB-42D6-B63C-9E31C9008124}.Release|Any CPU.Build.0 = Release|Any CPU
	EndGlobalSection
	GlobalSection(SolutionProperties) = preSolution
		HideSolutionNode = FALSE
	EndGlobalSection
	GlobalSection(ExtensibilityGlobals) = postSolution
		SolutionGuid = {03378ED8-E2CF-4033-9ABB-80396E4F51D5}
	EndGlobalSection
EndGlobal
